// !$*UTF8*$!
{
	archiveVersion = 1;
	classes = {
	};
	objectVersion = 56;
	objects = {

/* Begin PBXBuildFile section */
		DE95A0512BE655E300F59BF1 /* CategoryCell.swift in Sources */ = {isa = PBXBuildFile; fileRef = DE95A0502BE655E300F59BF1 /* CategoryCell.swift */; };
		DE95A0542BE6660400F59BF1 /* Category.swift in Sources */ = {isa = PBXBuildFile; fileRef = DE95A0532BE6660400F59BF1 /* Category.swift */; };
		DE9EF7A42BE78A1800685BEC /* HeaderReusableView.swift in Sources */ = {isa = PBXBuildFile; fileRef = DE9EF7A32BE78A1800685BEC /* HeaderReusableView.swift */; };
		DE9F45632BE3A7F600F87EF6 /* BarChartViewController.swift in Sources */ = {isa = PBXBuildFile; fileRef = DE9F45622BE3A7F600F87EF6 /* BarChartViewController.swift */; };
		DEAB7D192BE2DB800023353A /* AppDelegate.swift in Sources */ = {isa = PBXBuildFile; fileRef = DEAB7D182BE2DB800023353A /* AppDelegate.swift */; };
		DEAB7D1B2BE2DB800023353A /* SceneDelegate.swift in Sources */ = {isa = PBXBuildFile; fileRef = DEAB7D1A2BE2DB800023353A /* SceneDelegate.swift */; };
		DEAB7D1D2BE2DB800023353A /* MainViewController.swift in Sources */ = {isa = PBXBuildFile; fileRef = DEAB7D1C2BE2DB800023353A /* MainViewController.swift */; };
		DEAB7D202BE2DB800023353A /* Base in Resources */ = {isa = PBXBuildFile; fileRef = DEAB7D1F2BE2DB800023353A /* Base */; };
		DEAB7D232BE2DB800023353A /* KriptoApp.xcdatamodeld in Sources */ = {isa = PBXBuildFile; fileRef = DEAB7D212BE2DB800023353A /* KriptoApp.xcdatamodeld */; };
		DEAB7D252BE2DB810023353A /* Assets.xcassets in Resources */ = {isa = PBXBuildFile; fileRef = DEAB7D242BE2DB810023353A /* Assets.xcassets */; };
		DEAB7D282BE2DB810023353A /* Base in Resources */ = {isa = PBXBuildFile; fileRef = DEAB7D272BE2DB810023353A /* Base */; };
		DEAB7D342BE2E0D40023353A /* CryptoProtocol.swift in Sources */ = {isa = PBXBuildFile; fileRef = DEAB7D332BE2E0D40023353A /* CryptoProtocol.swift */; };
		DEAB7D362BE2E10C0023353A /* Crypto.swift in Sources */ = {isa = PBXBuildFile; fileRef = DEAB7D352BE2E10C0023353A /* Crypto.swift */; };
		DEAB7D382BE2E1BA0023353A /* CyptoLogic.swift in Sources */ = {isa = PBXBuildFile; fileRef = DEAB7D372BE2E1BA0023353A /* CyptoLogic.swift */; };
		DEAB7D3A2BE2E22A0023353A /* NetworkService.swift in Sources */ = {isa = PBXBuildFile; fileRef = DEAB7D392BE2E22A0023353A /* NetworkService.swift */; };
		DEAB7D3D2BE2E29A0023353A /* Kingfisher in Frameworks */ = {isa = PBXBuildFile; productRef = DEAB7D3C2BE2E29A0023353A /* Kingfisher */; };
		DEAB7D402BE2E2AD0023353A /* Alamofire in Frameworks */ = {isa = PBXBuildFile; productRef = DEAB7D3F2BE2E2AD0023353A /* Alamofire */; };
		DEAB7D422BE2E2AD0023353A /* AlamofireDynamic in Frameworks */ = {isa = PBXBuildFile; productRef = DEAB7D412BE2E2AD0023353A /* AlamofireDynamic */; };
		DEAB7D452BE2E3FC0023353A /* Constants.swift in Sources */ = {isa = PBXBuildFile; fileRef = DEAB7D442BE2E3FC0023353A /* Constants.swift */; };
		DEAB7D472BE2E4560023353A /* Router.swift in Sources */ = {isa = PBXBuildFile; fileRef = DEAB7D462BE2E4560023353A /* Router.swift */; };
		DEAB7D492BE2F0AE0023353A /* CryptoCell.swift in Sources */ = {isa = PBXBuildFile; fileRef = DEAB7D482BE2F0AE0023353A /* CryptoCell.swift */; };
		DEAB7D4B2BE3004A0023353A /* DetailViewController.swift in Sources */ = {isa = PBXBuildFile; fileRef = DEAB7D4A2BE3004A0023353A /* DetailViewController.swift */; };
/* End PBXBuildFile section */

/* Begin PBXFileReference section */
		DE95A0502BE655E300F59BF1 /* CategoryCell.swift */ = {isa = PBXFileReference; lastKnownFileType = sourcecode.swift; path = CategoryCell.swift; sourceTree = "<group>"; };
		DE95A0532BE6660400F59BF1 /* Category.swift */ = {isa = PBXFileReference; lastKnownFileType = sourcecode.swift; path = Category.swift; sourceTree = "<group>"; };
		DE9EF7A32BE78A1800685BEC /* HeaderReusableView.swift */ = {isa = PBXFileReference; lastKnownFileType = sourcecode.swift; path = HeaderReusableView.swift; sourceTree = "<group>"; };
		DE9F45622BE3A7F600F87EF6 /* BarChartViewController.swift */ = {isa = PBXFileReference; lastKnownFileType = sourcecode.swift; path = BarChartViewController.swift; sourceTree = "<group>"; };
		DEAB7D152BE2DB800023353A /* KriptoApp.app */ = {isa = PBXFileReference; explicitFileType = wrapper.application; includeInIndex = 0; path = KriptoApp.app; sourceTree = BUILT_PRODUCTS_DIR; };
		DEAB7D182BE2DB800023353A /* AppDelegate.swift */ = {isa = PBXFileReference; lastKnownFileType = sourcecode.swift; path = AppDelegate.swift; sourceTree = "<group>"; };
		DEAB7D1A2BE2DB800023353A /* SceneDelegate.swift */ = {isa = PBXFileReference; lastKnownFileType = sourcecode.swift; path = SceneDelegate.swift; sourceTree = "<group>"; };
		DEAB7D1C2BE2DB800023353A /* MainViewController.swift */ = {isa = PBXFileReference; lastKnownFileType = sourcecode.swift; path = MainViewController.swift; sourceTree = "<group>"; };
		DEAB7D1F2BE2DB800023353A /* Base */ = {isa = PBXFileReference; lastKnownFileType = file.storyboard; name = Base; path = Base.lproj/Main.storyboard; sourceTree = "<group>"; };
		DEAB7D222BE2DB800023353A /* KriptoApp.xcdatamodel */ = {isa = PBXFileReference; lastKnownFileType = wrapper.xcdatamodel; path = KriptoApp.xcdatamodel; sourceTree = "<group>"; };
		DEAB7D242BE2DB810023353A /* Assets.xcassets */ = {isa = PBXFileReference; lastKnownFileType = folder.assetcatalog; path = Assets.xcassets; sourceTree = "<group>"; };
		DEAB7D272BE2DB810023353A /* Base */ = {isa = PBXFileReference; lastKnownFileType = file.storyboard; name = Base; path = Base.lproj/LaunchScreen.storyboard; sourceTree = "<group>"; };
		DEAB7D292BE2DB810023353A /* Info.plist */ = {isa = PBXFileReference; lastKnownFileType = text.plist.xml; path = Info.plist; sourceTree = "<group>"; };
		DEAB7D332BE2E0D40023353A /* CryptoProtocol.swift */ = {isa = PBXFileReference; lastKnownFileType = sourcecode.swift; path = CryptoProtocol.swift; sourceTree = "<group>"; };
		DEAB7D352BE2E10C0023353A /* Crypto.swift */ = {isa = PBXFileReference; lastKnownFileType = sourcecode.swift; path = Crypto.swift; sourceTree = "<group>"; };
		DEAB7D372BE2E1BA0023353A /* CyptoLogic.swift */ = {isa = PBXFileReference; lastKnownFileType = sourcecode.swift; path = CyptoLogic.swift; sourceTree = "<group>"; };
		DEAB7D392BE2E22A0023353A /* NetworkService.swift */ = {isa = PBXFileReference; lastKnownFileType = sourcecode.swift; path = NetworkService.swift; sourceTree = "<group>"; };
		DEAB7D442BE2E3FC0023353A /* Constants.swift */ = {isa = PBXFileReference; lastKnownFileType = sourcecode.swift; path = Constants.swift; sourceTree = "<group>"; };
		DEAB7D462BE2E4560023353A /* Router.swift */ = {isa = PBXFileReference; lastKnownFileType = sourcecode.swift; path = Router.swift; sourceTree = "<group>"; };
		DEAB7D482BE2F0AE0023353A /* CryptoCell.swift */ = {isa = PBXFileReference; lastKnownFileType = sourcecode.swift; path = CryptoCell.swift; sourceTree = "<group>"; };
		DEAB7D4A2BE3004A0023353A /* DetailViewController.swift */ = {isa = PBXFileReference; lastKnownFileType = sourcecode.swift; path = DetailViewController.swift; sourceTree = "<group>"; };
/* End PBXFileReference section */

/* Begin PBXFrameworksBuildPhase section */
		DEAB7D122BE2DB800023353A /* Frameworks */ = {
			isa = PBXFrameworksBuildPhase;
			buildActionMask = 2147483647;
			files = (
				DEAB7D3D2BE2E29A0023353A /* Kingfisher in Frameworks */,
				DEAB7D422BE2E2AD0023353A /* AlamofireDynamic in Frameworks */,
				DEAB7D402BE2E2AD0023353A /* Alamofire in Frameworks */,
			);
			runOnlyForDeploymentPostprocessing = 0;
		};
/* End PBXFrameworksBuildPhase section */

/* Begin PBXGroup section */
		DE95A0522BE665FB00F59BF1 /* Helper */ = {
			isa = PBXGroup;
			children = (
				DE95A0532BE6660400F59BF1 /* Category.swift */,
			);
			path = Helper;
			sourceTree = "<group>";
		};
		DEAB7D0C2BE2DB800023353A = {
			isa = PBXGroup;
			children = (
				DEAB7D172BE2DB800023353A /* KriptoApp */,
				DEAB7D162BE2DB800023353A /* Products */,
			);
			sourceTree = "<group>";
		};
		DEAB7D162BE2DB800023353A /* Products */ = {
			isa = PBXGroup;
			children = (
				DEAB7D152BE2DB800023353A /* KriptoApp.app */,
			);
			name = Products;
			sourceTree = "<group>";
		};
		DEAB7D172BE2DB800023353A /* KriptoApp */ = {
			isa = PBXGroup;
			children = (
				DE95A0522BE665FB00F59BF1 /* Helper */,
				DEAB7D432BE2E3F30023353A /* Constants */,
				DEAB7D322BE2E0A80023353A /* NetworkManager */,
				DEAB7D312BE2E09C0023353A /* Controller */,
				DEAB7D302BE2E0980023353A /* View */,
				DEAB7D2F2BE2E0930023353A /* Model */,
				DEAB7D182BE2DB800023353A /* AppDelegate.swift */,
				DEAB7D1A2BE2DB800023353A /* SceneDelegate.swift */,
				DEAB7D1E2BE2DB800023353A /* Main.storyboard */,
				DEAB7D242BE2DB810023353A /* Assets.xcassets */,
				DEAB7D262BE2DB810023353A /* LaunchScreen.storyboard */,
				DEAB7D292BE2DB810023353A /* Info.plist */,
				DEAB7D212BE2DB800023353A /* KriptoApp.xcdatamodeld */,
			);
			path = KriptoApp;
			sourceTree = "<group>";
		};
		DEAB7D2F2BE2E0930023353A /* Model */ = {
			isa = PBXGroup;
			children = (
				DEAB7D352BE2E10C0023353A /* Crypto.swift */,
			);
			path = Model;
			sourceTree = "<group>";
		};
		DEAB7D302BE2E0980023353A /* View */ = {
			isa = PBXGroup;
			children = (
				DEAB7D482BE2F0AE0023353A /* CryptoCell.swift */,
				DE95A0502BE655E300F59BF1 /* CategoryCell.swift */,
				DE9EF7A32BE78A1800685BEC /* HeaderReusableView.swift */,
			);
			path = View;
			sourceTree = "<group>";
		};
		DEAB7D312BE2E09C0023353A /* Controller */ = {
			isa = PBXGroup;
			children = (
				DEAB7D1C2BE2DB800023353A /* MainViewController.swift */,
				DEAB7D4A2BE3004A0023353A /* DetailViewController.swift */,
				DE9F45622BE3A7F600F87EF6 /* BarChartViewController.swift */,
			);
			path = Controller;
			sourceTree = "<group>";
		};
		DEAB7D322BE2E0A80023353A /* NetworkManager */ = {
			isa = PBXGroup;
			children = (
				DEAB7D332BE2E0D40023353A /* CryptoProtocol.swift */,
				DEAB7D372BE2E1BA0023353A /* CyptoLogic.swift */,
				DEAB7D392BE2E22A0023353A /* NetworkService.swift */,
				DEAB7D462BE2E4560023353A /* Router.swift */,
			);
			path = NetworkManager;
			sourceTree = "<group>";
		};
		DEAB7D432BE2E3F30023353A /* Constants */ = {
			isa = PBXGroup;
			children = (
				DEAB7D442BE2E3FC0023353A /* Constants.swift */,
			);
			path = Constants;
			sourceTree = "<group>";
		};
/* End PBXGroup section */

/* Begin PBXNativeTarget section */
		DEAB7D142BE2DB800023353A /* KriptoApp */ = {
			isa = PBXNativeTarget;
			buildConfigurationList = DEAB7D2C2BE2DB810023353A /* Build configuration list for PBXNativeTarget "KriptoApp" */;
			buildPhases = (
				DEAB7D112BE2DB800023353A /* Sources */,
				DEAB7D122BE2DB800023353A /* Frameworks */,
				DEAB7D132BE2DB800023353A /* Resources */,
			);
			buildRules = (
			);
			dependencies = (
			);
			name = KriptoApp;
			packageProductDependencies = (
				DEAB7D3C2BE2E29A0023353A /* Kingfisher */,
				DEAB7D3F2BE2E2AD0023353A /* Alamofire */,
				DEAB7D412BE2E2AD0023353A /* AlamofireDynamic */,
			);
			productName = KriptoApp;
			productReference = DEAB7D152BE2DB800023353A /* KriptoApp.app */;
			productType = "com.apple.product-type.application";
		};
/* End PBXNativeTarget section */

/* Begin PBXProject section */
		DEAB7D0D2BE2DB800023353A /* Project object */ = {
			isa = PBXProject;
			attributes = {
				BuildIndependentTargetsInParallel = 1;
				LastSwiftUpdateCheck = 1530;
				LastUpgradeCheck = 1530;
				TargetAttributes = {
					DEAB7D142BE2DB800023353A = {
						CreatedOnToolsVersion = 15.3;
					};
				};
			};
			buildConfigurationList = DEAB7D102BE2DB800023353A /* Build configuration list for PBXProject "KriptoApp" */;
			compatibilityVersion = "Xcode 14.0";
			developmentRegion = en;
			hasScannedForEncodings = 0;
			knownRegions = (
				en,
				Base,
			);
			mainGroup = DEAB7D0C2BE2DB800023353A;
			packageReferences = (
				DEAB7D3B2BE2E29A0023353A /* XCRemoteSwiftPackageReference "Kingfisher" */,
				DEAB7D3E2BE2E2AD0023353A /* XCRemoteSwiftPackageReference "Alamofire" */,
			);
			productRefGroup = DEAB7D162BE2DB800023353A /* Products */;
			projectDirPath = "";
			projectRoot = "";
			targets = (
				DEAB7D142BE2DB800023353A /* KriptoApp */,
			);
		};
/* End PBXProject section */

/* Begin PBXResourcesBuildPhase section */
		DEAB7D132BE2DB800023353A /* Resources */ = {
			isa = PBXResourcesBuildPhase;
			buildActionMask = 2147483647;
			files = (
				DEAB7D252BE2DB810023353A /* Assets.xcassets in Resources */,
				DEAB7D282BE2DB810023353A /* Base in Resources */,
				DEAB7D202BE2DB800023353A /* Base in Resources */,
			);
			runOnlyForDeploymentPostprocessing = 0;
		};
/* End PBXResourcesBuildPhase section */

/* Begin PBXSourcesBuildPhase section */
		DEAB7D112BE2DB800023353A /* Sources */ = {
			isa = PBXSourcesBuildPhase;
			buildActionMask = 2147483647;
			files = (
				DEAB7D362BE2E10C0023353A /* Crypto.swift in Sources */,
				DEAB7D232BE2DB800023353A /* KriptoApp.xcdatamodeld in Sources */,
				DEAB7D472BE2E4560023353A /* Router.swift in Sources */,
				DE95A0512BE655E300F59BF1 /* CategoryCell.swift in Sources */,
				DE9F45632BE3A7F600F87EF6 /* BarChartViewController.swift in Sources */,
				DEAB7D4B2BE3004A0023353A /* DetailViewController.swift in Sources */,
				DEAB7D3A2BE2E22A0023353A /* NetworkService.swift in Sources */,
				DEAB7D342BE2E0D40023353A /* CryptoProtocol.swift in Sources */,
				DEAB7D1D2BE2DB800023353A /* MainViewController.swift in Sources */,
				DEAB7D492BE2F0AE0023353A /* CryptoCell.swift in Sources */,
				DE9EF7A42BE78A1800685BEC /* HeaderReusableView.swift in Sources */,
				DEAB7D192BE2DB800023353A /* AppDelegate.swift in Sources */,
				DE95A0542BE6660400F59BF1 /* Category.swift in Sources */,
				DEAB7D1B2BE2DB800023353A /* SceneDelegate.swift in Sources */,
				DEAB7D382BE2E1BA0023353A /* CyptoLogic.swift in Sources */,
				DEAB7D452BE2E3FC0023353A /* Constants.swift in Sources */,
			);
			runOnlyForDeploymentPostprocessing = 0;
		};
/* End PBXSourcesBuildPhase section */

/* Begin PBXVariantGroup section */
		DEAB7D1E2BE2DB800023353A /* Main.storyboard */ = {
			isa = PBXVariantGroup;
			children = (
				DEAB7D1F2BE2DB800023353A /* Base */,
			);
			name = Main.storyboard;
			sourceTree = "<group>";
		};
		DEAB7D262BE2DB810023353A /* LaunchScreen.storyboard */ = {
			isa = PBXVariantGroup;
			children = (
				DEAB7D272BE2DB810023353A /* Base */,
			);
			name = LaunchScreen.storyboard;
			sourceTree = "<group>";
		};
/* End PBXVariantGroup section */

/* Begin XCBuildConfiguration section */
		DEAB7D2A2BE2DB810023353A /* Debug */ = {
			isa = XCBuildConfiguration;
			buildSettings = {
				ALWAYS_SEARCH_USER_PATHS = NO;
				ASSETCATALOG_COMPILER_GENERATE_SWIFT_ASSET_SYMBOL_EXTENSIONS = YES;
				CLANG_ANALYZER_NONNULL = YES;
				CLANG_ANALYZER_NUMBER_OBJECT_CONVERSION = YES_AGGRESSIVE;
				CLANG_CXX_LANGUAGE_STANDARD = "gnu++20";
				CLANG_ENABLE_MODULES = YES;
				CLANG_ENABLE_OBJC_ARC = YES;
				CLANG_ENABLE_OBJC_WEAK = YES;
				CLANG_WARN_BLOCK_CAPTURE_AUTORELEASING = YES;
				CLANG_WARN_BOOL_CONVERSION = YES;
				CLANG_WARN_COMMA = YES;
				CLANG_WARN_CONSTANT_CONVERSION = YES;
				CLANG_WARN_DEPRECATED_OBJC_IMPLEMENTATIONS = YES;
				CLANG_WARN_DIRECT_OBJC_ISA_USAGE = YES_ERROR;
				CLANG_WARN_DOCUMENTATION_COMMENTS = YES;
				CLANG_WARN_EMPTY_BODY = YES;
				CLANG_WARN_ENUM_CONVERSION = YES;
				CLANG_WARN_INFINITE_RECURSION = YES;
				CLANG_WARN_INT_CONVERSION = YES;
				CLANG_WARN_NON_LITERAL_NULL_CONVERSION = YES;
				CLANG_WARN_OBJC_IMPLICIT_RETAIN_SELF = YES;
				CLANG_WARN_OBJC_LITERAL_CONVERSION = YES;
				CLANG_WARN_OBJC_ROOT_CLASS = YES_ERROR;
				CLANG_WARN_QUOTED_INCLUDE_IN_FRAMEWORK_HEADER = YES;
				CLANG_WARN_RANGE_LOOP_ANALYSIS = YES;
				CLANG_WARN_STRICT_PROTOTYPES = YES;
				CLANG_WARN_SUSPICIOUS_MOVE = YES;
				CLANG_WARN_UNGUARDED_AVAILABILITY = YES_AGGRESSIVE;
				CLANG_WARN_UNREACHABLE_CODE = YES;
				CLANG_WARN__DUPLICATE_METHOD_MATCH = YES;
				COPY_PHASE_STRIP = NO;
				DEBUG_INFORMATION_FORMAT = dwarf;
				ENABLE_STRICT_OBJC_MSGSEND = YES;
				ENABLE_TESTABILITY = YES;
				ENABLE_USER_SCRIPT_SANDBOXING = YES;
				GCC_C_LANGUAGE_STANDARD = gnu17;
				GCC_DYNAMIC_NO_PIC = NO;
				GCC_NO_COMMON_BLOCKS = YES;
				GCC_OPTIMIZATION_LEVEL = 0;
				GCC_PREPROCESSOR_DEFINITIONS = (
					"DEBUG=1",
					"$(inherited)",
				);
				GCC_WARN_64_TO_32_BIT_CONVERSION = YES;
				GCC_WARN_ABOUT_RETURN_TYPE = YES_ERROR;
				GCC_WARN_UNDECLARED_SELECTOR = YES;
				GCC_WARN_UNINITIALIZED_AUTOS = YES_AGGRESSIVE;
				GCC_WARN_UNUSED_FUNCTION = YES;
				GCC_WARN_UNUSED_VARIABLE = YES;
				IPHONEOS_DEPLOYMENT_TARGET = 17.4;
				LOCALIZATION_PREFERS_STRING_CATALOGS = YES;
				MTL_ENABLE_DEBUG_INFO = INCLUDE_SOURCE;
				MTL_FAST_MATH = YES;
				ONLY_ACTIVE_ARCH = YES;
				SDKROOT = iphoneos;
				SWIFT_ACTIVE_COMPILATION_CONDITIONS = "DEBUG $(inherited)";
				SWIFT_OPTIMIZATION_LEVEL = "-Onone";
			};
			name = Debug;
		};
		DEAB7D2B2BE2DB810023353A /* Release */ = {
			isa = XCBuildConfiguration;
			buildSettings = {
				ALWAYS_SEARCH_USER_PATHS = NO;
				ASSETCATALOG_COMPILER_GENERATE_SWIFT_ASSET_SYMBOL_EXTENSIONS = YES;
				CLANG_ANALYZER_NONNULL = YES;
				CLANG_ANALYZER_NUMBER_OBJECT_CONVERSION = YES_AGGRESSIVE;
				CLANG_CXX_LANGUAGE_STANDARD = "gnu++20";
				CLANG_ENABLE_MODULES = YES;
				CLANG_ENABLE_OBJC_ARC = YES;
				CLANG_ENABLE_OBJC_WEAK = YES;
				CLANG_WARN_BLOCK_CAPTURE_AUTORELEASING = YES;
				CLANG_WARN_BOOL_CONVERSION = YES;
				CLANG_WARN_COMMA = YES;
				CLANG_WARN_CONSTANT_CONVERSION = YES;
				CLANG_WARN_DEPRECATED_OBJC_IMPLEMENTATIONS = YES;
				CLANG_WARN_DIRECT_OBJC_ISA_USAGE = YES_ERROR;
				CLANG_WARN_DOCUMENTATION_COMMENTS = YES;
				CLANG_WARN_EMPTY_BODY = YES;
				CLANG_WARN_ENUM_CONVERSION = YES;
				CLANG_WARN_INFINITE_RECURSION = YES;
				CLANG_WARN_INT_CONVERSION = YES;
				CLANG_WARN_NON_LITERAL_NULL_CONVERSION = YES;
				CLANG_WARN_OBJC_IMPLICIT_RETAIN_SELF = YES;
				CLANG_WARN_OBJC_LITERAL_CONVERSION = YES;
				CLANG_WARN_OBJC_ROOT_CLASS = YES_ERROR;
				CLANG_WARN_QUOTED_INCLUDE_IN_FRAMEWORK_HEADER = YES;
				CLANG_WARN_RANGE_LOOP_ANALYSIS = YES;
				CLANG_WARN_STRICT_PROTOTYPES = YES;
				CLANG_WARN_SUSPICIOUS_MOVE = YES;
				CLANG_WARN_UNGUARDED_AVAILABILITY = YES_AGGRESSIVE;
				CLANG_WARN_UNREACHABLE_CODE = YES;
				CLANG_WARN__DUPLICATE_METHOD_MATCH = YES;
				COPY_PHASE_STRIP = NO;
				DEBUG_INFORMATION_FORMAT = "dwarf-with-dsym";
				ENABLE_NS_ASSERTIONS = NO;
				ENABLE_STRICT_OBJC_MSGSEND = YES;
				ENABLE_USER_SCRIPT_SANDBOXING = YES;
				GCC_C_LANGUAGE_STANDARD = gnu17;
				GCC_NO_COMMON_BLOCKS = YES;
				GCC_WARN_64_TO_32_BIT_CONVERSION = YES;
				GCC_WARN_ABOUT_RETURN_TYPE = YES_ERROR;
				GCC_WARN_UNDECLARED_SELECTOR = YES;
				GCC_WARN_UNINITIALIZED_AUTOS = YES_AGGRESSIVE;
				GCC_WARN_UNUSED_FUNCTION = YES;
				GCC_WARN_UNUSED_VARIABLE = YES;
				IPHONEOS_DEPLOYMENT_TARGET = 17.4;
				LOCALIZATION_PREFERS_STRING_CATALOGS = YES;
				MTL_ENABLE_DEBUG_INFO = NO;
				MTL_FAST_MATH = YES;
				SDKROOT = iphoneos;
				SWIFT_COMPILATION_MODE = wholemodule;
				VALIDATE_PRODUCT = YES;
			};
			name = Release;
		};
		DEAB7D2D2BE2DB810023353A /* Debug */ = {
			isa = XCBuildConfiguration;
			buildSettings = {
				ASSETCATALOG_COMPILER_APPICON_NAME = AppIcon;
				ASSETCATALOG_COMPILER_GLOBAL_ACCENT_COLOR_NAME = AccentColor;
				CODE_SIGN_STYLE = Automatic;
				CURRENT_PROJECT_VERSION = 1;
				DEVELOPMENT_TEAM = ZY98G8GQD4;
				GENERATE_INFOPLIST_FILE = YES;
				INFOPLIST_FILE = KriptoApp/Info.plist;
				INFOPLIST_KEY_UIApplicationSupportsIndirectInputEvents = YES;
				INFOPLIST_KEY_UILaunchStoryboardName = LaunchScreen;
				INFOPLIST_KEY_UIMainStoryboardFile = Main;
				INFOPLIST_KEY_UISupportedInterfaceOrientations_iPad = "UIInterfaceOrientationPortrait UIInterfaceOrientationPortraitUpsideDown UIInterfaceOrientationLandscapeLeft UIInterfaceOrientationLandscapeRight";
				INFOPLIST_KEY_UISupportedInterfaceOrientations_iPhone = "UIInterfaceOrientationPortrait UIInterfaceOrientationLandscapeLeft UIInterfaceOrientationLandscapeRight";
				LD_RUNPATH_SEARCH_PATHS = (
					"$(inherited)",
					"@executable_path/Frameworks",
				);
				MARKETING_VERSION = 1.0;
				PRODUCT_BUNDLE_IDENTIFIER = com.erkancosar.KriptoApp;
				PRODUCT_NAME = "$(TARGET_NAME)";
				SWIFT_EMIT_LOC_STRINGS = YES;
				SWIFT_VERSION = 5.0;
				TARGETED_DEVICE_FAMILY = "1,2";
			};
			name = Debug;
		};
		DEAB7D2E2BE2DB810023353A /* Release */ = {
			isa = XCBuildConfiguration;
			buildSettings = {
				ASSETCATALOG_COMPILER_APPICON_NAME = AppIcon;
				ASSETCATALOG_COMPILER_GLOBAL_ACCENT_COLOR_NAME = AccentColor;
				CODE_SIGN_STYLE = Automatic;
				CURRENT_PROJECT_VERSION = 1;
				DEVELOPMENT_TEAM = ZY98G8GQD4;
				GENERATE_INFOPLIST_FILE = YES;
				INFOPLIST_FILE = KriptoApp/Info.plist;
				INFOPLIST_KEY_UIApplicationSupportsIndirectInputEvents = YES;
				INFOPLIST_KEY_UILaunchStoryboardName = LaunchScreen;
				INFOPLIST_KEY_UIMainStoryboardFile = Main;
				INFOPLIST_KEY_UISupportedInterfaceOrientations_iPad = "UIInterfaceOrientationPortrait UIInterfaceOrientationPortraitUpsideDown UIInterfaceOrientationLandscapeLeft UIInterfaceOrientationLandscapeRight";
				INFOPLIST_KEY_UISupportedInterfaceOrientations_iPhone = "UIInterfaceOrientationPortrait UIInterfaceOrientationLandscapeLeft UIInterfaceOrientationLandscapeRight";
				LD_RUNPATH_SEARCH_PATHS = (
					"$(inherited)",
					"@executable_path/Frameworks",
				);
				MARKETING_VERSION = 1.0;
				PRODUCT_BUNDLE_IDENTIFIER = com.erkancosar.KriptoApp;
				PRODUCT_NAME = "$(TARGET_NAME)";
				SWIFT_EMIT_LOC_STRINGS = YES;
				SWIFT_VERSION = 5.0;
				TARGETED_DEVICE_FAMILY = "1,2";
			};
			name = Release;
		};
/* End XCBuildConfiguration section */

/* Begin XCConfigurationList section */
		DEAB7D102BE2DB800023353A /* Build configuration list for PBXProject "KriptoApp" */ = {
			isa = XCConfigurationList;
			buildConfigurations = (
				DEAB7D2A2BE2DB810023353A /* Debug */,
				DEAB7D2B2BE2DB810023353A /* Release */,
			);
			defaultConfigurationIsVisible = 0;
			defaultConfigurationName = Release;
		};
		DEAB7D2C2BE2DB810023353A /* Build configuration list for PBXNativeTarget "KriptoApp" */ = {
			isa = XCConfigurationList;
			buildConfigurations = (
				DEAB7D2D2BE2DB810023353A /* Debug */,
				DEAB7D2E2BE2DB810023353A /* Release */,
			);
			defaultConfigurationIsVisible = 0;
			defaultConfigurationName = Release;
		};
/* End XCConfigurationList section */

/* Begin XCRemoteSwiftPackageReference section */
		DEAB7D3B2BE2E29A0023353A /* XCRemoteSwiftPackageReference "Kingfisher" */ = {
			isa = XCRemoteSwiftPackageReference;
			repositoryURL = "https://github.com/onevcat/Kingfisher";
			requirement = {
				kind = upToNextMajorVersion;
				minimumVersion = 7.11.0;
			};
		};
		DEAB7D3E2BE2E2AD0023353A /* XCRemoteSwiftPackageReference "Alamofire" */ = {
			isa = XCRemoteSwiftPackageReference;
			repositoryURL = "https://github.com/Alamofire/Alamofire";
			requirement = {
				kind = upToNextMajorVersion;
				minimumVersion = 5.9.1;
			};
		};
/* End XCRemoteSwiftPackageReference section */

/* Begin XCSwiftPackageProductDependency section */
		DEAB7D3C2BE2E29A0023353A /* Kingfisher */ = {
			isa = XCSwiftPackageProductDependency;
			package = DEAB7D3B2BE2E29A0023353A /* XCRemoteSwiftPackageReference "Kingfisher" */;
			productName = Kingfisher;
		};
		DEAB7D3F2BE2E2AD0023353A /* Alamofire */ = {
			isa = XCSwiftPackageProductDependency;
			package = DEAB7D3E2BE2E2AD0023353A /* XCRemoteSwiftPackageReference "Alamofire" */;
			productName = Alamofire;
		};
		DEAB7D412BE2E2AD0023353A /* AlamofireDynamic */ = {
			isa = XCSwiftPackageProductDependency;
			package = DEAB7D3E2BE2E2AD0023353A /* XCRemoteSwiftPackageReference "Alamofire" */;
			productName = AlamofireDynamic;
		};
/* End XCSwiftPackageProductDependency section */

/* Begin XCVersionGroup section */
		DEAB7D212BE2DB800023353A /* KriptoApp.xcdatamodeld */ = {
			isa = XCVersionGroup;
			children = (
				DEAB7D222BE2DB800023353A /* KriptoApp.xcdatamodel */,
			);
			currentVersion = DEAB7D222BE2DB800023353A /* KriptoApp.xcdatamodel */;
			path = KriptoApp.xcdatamodeld;
			sourceTree = "<group>";
			versionGroupType = wrapper.xcdatamodel;
		};
/* End XCVersionGroup section */
	};
	rootObject = DEAB7D0D2BE2DB800023353A /* Project object */;
}
